<?xml version="1.0" encoding="utf-8"?>
<Project ToolsVersion="4.0" xmlns="http://schemas.microsoft.com/developer/msbuild/2003">
  <ItemGroup>
    <Filter Include="Source Files">
      <UniqueIdentifier>{4FC737F1-C7A5-4376-A066-2A32D752A2FF}</UniqueIdentifier>
      <Extensions>cpp;c;cc;cxx;def;odl;idl;hpj;bat;asm;asmx</Extensions>
    </Filter>
    <Filter Include="Header Files">
      <UniqueIdentifier>{93995380-89BD-4b04-88EB-625FBE52EBFB}</UniqueIdentifier>
      <Extensions>h;hh;hpp;hxx;hm;inl;inc;xsd</Extensions>
    </Filter>
    <Filter Include="Resource Files">
      <UniqueIdentifier>{67DA6AB6-F800-4c08-8B7A-83BB121AAD01}</UniqueIdentifier>
      <Extensions>rc;ico;cur;bmp;dlg;rc2;rct;bin;rgs;gif;jpg;jpeg;jpe;resx;tiff;tif;png;wav;mfcribbon-ms</Extensions>
    </Filter>
    <Filter Include="ico">
      <UniqueIdentifier>{96a3589f-7ea3-4f16-84e1-fea054a3f369}</UniqueIdentifier>
    </Filter>
    <Filter Include="Header Files\Widgets">
      <UniqueIdentifier>{37bfbad8-407e-453f-b056-7d0d35302f19}</UniqueIdentifier>
    </Filter>
    <Filter Include="Source Files\Widgets">
      <UniqueIdentifier>{d0ecc80a-d05c-4a4c-9c44-9b5b98116692}</UniqueIdentifier>
    </Filter>
  </ItemGroup>
  <ItemGroup>
    <ClCompile Include="Source.cpp">
      <Filter>Source Files</Filter>
    </ClCompile>
    <ClCompile Include="Window.cpp">
      <Filter>Source Files</Filter>
    </ClCompile>
    <ClCompile Include="MainForm.cpp">
      <Filter>Source Files</Filter>
    </ClCompile>
    <ClCompile Include="Button.cpp">
      <Filter>Source Files\Widgets</Filter>
    </ClCompile>
    <ClCompile Include="CheckBox.cpp">
      <Filter>Source Files\Widgets</Filter>
    </ClCompile>
    <ClCompile Include="Label.cpp">
      <Filter>Source Files\Widgets</Filter>
    </ClCompile>
    <ClCompile Include="RadioButton.cpp">
      <Filter>Source Files\Widgets</Filter>
    </ClCompile>
    <ClCompile Include="Widget.cpp">
      <Filter>Source Files\Widgets</Filter>
    </ClCompile>
    <ClCompile Include="Panel.cpp">
      <Filter>Source Files\Widgets</Filter>
    </ClCompile>
    <ClCompile Include="Field.cpp">
      <Filter>Source Files\Widgets</Filter>
    </ClCompile>
    <ClCompile Include="ImageBox.cpp">
      <Filter>Source Files\Widgets</Filter>
    </ClCompile>
    <ClCompile Include="DropDown.cpp">
      <Filter>Source Files\Widgets</Filter>
    </ClCompile>
    <ClCompile Include="Gauge.cpp">
      <Filter>Source Files\Widgets</Filter>
    </ClCompile>
    <ClCompile Include="TabControl.cpp">
      <Filter>Source Files\Widgets</Filter>
    </ClCompile>
    <ClCompile Include="ListForm.cpp">
      <Filter>Source Files</Filter>
    </ClCompile>
    <ClCompile Include="ListBox.cpp">
      <Filter>Source Files\Widgets</Filter>
    </ClCompile>
    <ClCompile Include="GlobalLib.cpp">
      <Filter>Source Files</Filter>
    </ClCompile>
  </ItemGroup>
  <ItemGroup>
    <ClInclude Include="MainForm.h">
      <Filter>Header Files</Filter>
    </ClInclude>
    <ClInclude Include="Window.h">
      <Filter>Header Files</Filter>
    </ClInclude>
    <ClInclude Include="GlobalLib.h">
      <Filter>Header Files</Filter>
    </ClInclude>
    <ClInclude Include="resource.h">
      <Filter>Header Files</Filter>
    </ClInclude>
    <ClInclude Include="Button.h">
      <Filter>Header Files\Widgets</Filter>
    </ClInclude>
    <ClInclude Include="CheckBox.h">
      <Filter>Header Files\Widgets</Filter>
    </ClInclude>
    <ClInclude Include="Label.h">
      <Filter>Header Files\Widgets</Filter>
    </ClInclude>
    <ClInclude Include="Widget.h">
      <Filter>Header Files\Widgets</Filter>
    </ClInclude>
    <ClInclude Include="RadioButton.h">
      <Filter>Header Files\Widgets</Filter>
    </ClInclude>
    <ClInclude Include="Panel.h">
      <Filter>Header Files\Widgets</Filter>
    </ClInclude>
    <ClInclude Include="Field.h">
      <Filter>Header Files\Widgets</Filter>
    </ClInclude>
    <ClInclude Include="DropDown.h">
      <Filter>Header Files\Widgets</Filter>
    </ClInclude>
    <ClInclude Include="ImageBox.h">
      <Filter>Header Files\Widgets</Filter>
    </ClInclude>
    <ClInclude Include="Gauge.h">
      <Filter>Header Files\Widgets</Filter>
    </ClInclude>
    <ClInclude Include="TabControl.h">
      <Filter>Header Files\Widgets</Filter>
    </ClInclude>
    <ClInclude Include="ListForm.h">
      <Filter>Header Files</Filter>
    </ClInclude>
    <ClInclude Include="ListBox.h">
      <Filter>Header Files\Widgets</Filter>
    </ClInclude>
  </ItemGroup>
  <ItemGroup>
    <Image Include="res\BottomCenter.bmp">
      <Filter>Resource Files</Filter>
    </Image>
    <Image Include="res\BottomLeft.bmp">
      <Filter>Resource Files</Filter>
    </Image>
    <Image Include="res\BottomRight.bmp">
      <Filter>Resource Files</Filter>
    </Image>
    <Image Include="res\Close.bmp">
      <Filter>Resource Files</Filter>
    </Image>
    <Image Include="res\Left.bmp">
      <Filter>Resource Files</Filter>
    </Image>
    <Image Include="res\Right.bmp">
      <Filter>Resource Files</Filter>
    </Image>
    <Image Include="res\TopCenter_s.bmp">
      <Filter>Resource Files</Filter>
    </Image>
    <Image Include="res\TopLeft_s.bmp">
      <Filter>Resource Files</Filter>
    </Image>
    <Image Include="res\TopRight_s.bmp">
      <Filter>Resource Files</Filter>
    </Image>
    <Image Include="ico\cb.bmp">
      <Filter>ico</Filter>
    </Image>
    <Image Include="ico\cb_2.bmp">
      <Filter>ico</Filter>
    </Image>
    <Image Include="ico\rb.bmp">
      <Filter>ico</Filter>
    </Image>
    <Image Include="ico\rb_2.bmp">
      <Filter>ico</Filter>
    </Image>
    <Image Include="ico\pnl.png">
      <Filter>ico</Filter>
    </Image>
    <Image Include="ico\fld.png">
      <Filter>ico</Filter>
    </Image>
    <Image Include="ico\dd.png">
      <Filter>ico</Filter>
    </Image>
    <Image Include="ico\img.png">
      <Filter>ico</Filter>
    </Image>
    <Image Include="ico\gge.png">
      <Filter>ico</Filter>
    </Image>
    <Image Include="ico\tab.png">
      <Filter>ico</Filter>
    </Image>
  </ItemGroup>
  <ItemGroup>
    <EmbeddedResource Include="MainForm.resx">
      <Filter>Resource Files</Filter>
    </EmbeddedResource>
    <EmbeddedResource Include="ListForm.resx">
      <Filter>Resource Files</Filter>
    </EmbeddedResource>
  </ItemGroup>
  <ItemGroup>
    <ResourceCompile Include="MAM_FormEditor.rc">
      <Filter>Resource Files</Filter>
    </ResourceCompile>
  </ItemGroup>
</Project>